
Microsoft Visual Studio Solution File, Format Version 12.00
# Visual Studio 2013
VisualStudioVersion = 12.0.21005.1
MinimumVisualStudioVersion = 10.0.40219.1
Project("{FAE04EC0-301F-11D3-BF4B-00C04F79EFBC}") = "CosasSIA3", "CosasSIA3\CosasSIA3.csproj", "{B9F9F4A4-16D8-4AEC-83B4-6DB1F6912792}"
EndProject
Global
	GlobalSection(SolutionConfigurationPlatforms) = preSolution
		Debug|Any CPU = Debug|Any CPU
		Release|Any CPU = Release|Any CPU
	EndGlobalSection
	GlobalSection(ProjectConfigurationPlatforms) = postSolution
		{B9F9F4A4-16D8-4AEC-83B4-6DB1F6912792}.Debug|Any CPU.ActiveCfg = Debug|Any CPU
		{B9F9F4A4-16D8-4AEC-83B4-6DB1F6912792}.Debug|Any CPU.Build.0 = Debug|Any CPU
		{B9F9F4A4-16D8-4AEC-83B4-6DB1F6912792}.Release|Any CPU.ActiveCfg = Release|Any CPU
		{B9F9F4A4-16D8-4AEC-83B4-6DB1F6912792}.Release|Any CPU.Build.0 = Release|Any CPU
	EndGlobalSection
	GlobalSection(SolutionProperties) = preSolution
		HideSolutionNode = FALSE
	EndGlobalSection
EndGlobal
